
Microsoft Visual Studio Solution File, Format Version 12.00
# Visual Studio Version 17
VisualStudioVersion = 17.4.33020.496
MinimumVisualStudioVersion = 10.0.40219.1
Project("{FAE04EC0-301F-11D3-BF4B-00C04F79EFBC}") = "AdventOfCode2022", "AdventOfCode2022\AdventOfCode2022.csproj", "{512266C3-F823-4199-A5DD-49AA544906AA}"
EndProject
Global
	GlobalSection(SolutionConfigurationPlatforms) = preSolution
		Debug|Any CPU = Debug|Any CPU
		Release|Any CPU = Release|Any CPU
	EndGlobalSection
	GlobalSection(ProjectConfigurationPlatforms) = postSolution
		{512266C3-F823-4199-A5DD-49AA544906AA}.Debug|Any CPU.ActiveCfg = Debug|Any CPU
		{512266C3-F823-4199-A5DD-49AA544906AA}.Debug|Any CPU.Build.0 = Debug|Any CPU
		{512266C3-F823-4199-A5DD-49AA544906AA}.Release|Any CPU.ActiveCfg = Release|Any CPU
		{512266C3-F823-4199-A5DD-49AA544906AA}.Release|Any CPU.Build.0 = Release|Any CPU
	EndGlobalSection
	GlobalSection(SolutionProperties) = preSolution
		HideSolutionNode = FALSE
	EndGlobalSection
	GlobalSection(ExtensibilityGlobals) = postSolution
		SolutionGuid = {5DF5FAFC-7C9A-4648-B331-51122D98C20D}
	EndGlobalSection
EndGlobal
